{
    "_readme": [
        "This file locks the dependencies of your project to a known state",
        "Read more about it at https://getcomposer.org/doc/01-basic-usage.md#installing-dependencies",
        "This file is @generated automatically"
    ],
    "content-hash": "00aa50a514bc60ad9b45e849808b936d",
    "packages": [
        {
            "name": "mercadopago/sdk",
            "version": "v0.5.3",
            "source": {
                "type": "git",
                "url": "https://github.com/mercadopago/sdk-php.git",
                "reference": "b9fd134a39ff483e1326028ee0b9bbaa16ec927e"
            },
            "dist": {
                "type": "zip",
                "url": "https://api.github.com/repos/mercadopago/sdk-php/zipball/b9fd134a39ff483e1326028ee0b9bbaa16ec927e",
                "reference": "b9fd134a39ff483e1326028ee0b9bbaa16ec927e",
                "shasum": ""
            },
            "require": {
                "ext-curl": "*"
            },
            "type": "library",
            "autoload": {
                "classmap": [
                    "lib/mercadopago.php"
                ]
            },
            "notification-url": "https://packagist.org/downloads/",
            "authors": [
                {
                    "name": "Horacio Casatti",
                    "email": "horacio.casatti@mercadolibre.com"
                }
            ],
            "description": "MercadoPago SDK module for Payments integration.",
            "keywords": [
                "mercadopago",
                "sdk"
            ],
            "time": "2018-10-30T17:21:08+00:00"
        },
        {
            "name": "pagseguro/pagseguro-php-sdk",
            "version": "4.2.0",
            "source": {
                "type": "git",
                "url": "https://github.com/pagseguro/pagseguro-php-sdk.git",
                "reference": "653f921d268bb7f7360bcc3fd79abc3b49c106ae"
            },
            "dist": {
                "type": "zip",
                "url": "https://api.github.com/repos/pagseguro/pagseguro-php-sdk/zipball/653f921d268bb7f7360bcc3fd79abc3b49c106ae",
                "reference": "653f921d268bb7f7360bcc3fd79abc3b49c106ae",
                "shasum": ""
            },
            "require": {
                "ext-curl": "*",
                "lib-curl": "*",
                "lib-openssl": "*",
                "php": ">=5.4.27"
            },
            "require-dev": {
                "phpunit/phpunit": "^4.8"
            },
            "type": "library",
            "autoload": {
                "psr-4": {
                    "PagSeguro\\": "source/"
                }
            },
            "notification-url": "https://packagist.org/downloads/",
            "license": [
                "Apache-2.0"
            ],
            "authors": [
                {
                    "name": "PagSeguro"
                }
            ],
            "description": "Biblioteca de integração com o PagSeguro",
            "time": "2018-03-19T13:04:02+00:00"
        }
    ],
    "packages-dev": [],
    "aliases": [],
    "minimum-stability": "stable",
    "stability-flags": [],
    "prefer-stable": false,
    "prefer-lowest": false,
    "platform": [],
    "platform-dev": []
}
